
Microsoft Visual Studio Solution File, Format Version 12.00
# Visual Studio Version 17
VisualStudioVersion = 17.9.34728.123
MinimumVisualStudioVersion = 10.0.40219.1
Project("{FAE04EC0-301F-11D3-BF4B-00C04F79EFBC}") = "Calculadora", "Calculadora\Calculadora.csproj", "{5CBC87E6-BFC6-4A82-A74E-071205A05B39}"
EndProject
Global
	GlobalSection(SolutionConfigurationPlatforms) = preSolution
		Debug|Any CPU = Debug|Any CPU
		Release|Any CPU = Release|Any CPU
	EndGlobalSection
	GlobalSection(ProjectConfigurationPlatforms) = postSolution
		{5CBC87E6-BFC6-4A82-A74E-071205A05B39}.Debug|Any CPU.ActiveCfg = Debug|Any CPU
		{5CBC87E6-BFC6-4A82-A74E-071205A05B39}.Debug|Any CPU.Build.0 = Debug|Any CPU
		{5CBC87E6-BFC6-4A82-A74E-071205A05B39}.Release|Any CPU.ActiveCfg = Release|Any CPU
		{5CBC87E6-BFC6-4A82-A74E-071205A05B39}.Release|Any CPU.Build.0 = Release|Any CPU
	EndGlobalSection
	GlobalSection(SolutionProperties) = preSolution
		HideSolutionNode = FALSE
	EndGlobalSection
	GlobalSection(ExtensibilityGlobals) = postSolution
		SolutionGuid = {70139B3C-8AC4-4E17-B246-8DA3B2CBC274}
	EndGlobalSection
EndGlobal
